
Microsoft Visual Studio Solution File, Format Version 12.00
# Visual Studio 15
VisualStudioVersion = 15.0.26403.7
MinimumVisualStudioVersion = 10.0.40219.1
Project("{FAE04EC0-301F-11D3-BF4B-00C04F79EFBC}") = "MyTravelGuide", "MyTravelGuide\MyTravelGuide.csproj", "{3F466331-3831-46E1-BE4C-20C39C8F2929}"
EndProject
Project("{FAE04EC0-301F-11D3-BF4B-00C04F79EFBC}") = "RepositorioClases", "RepositorioClases\RepositorioClases.csproj", "{8095567B-60B5-4B49-BE50-D0B2C41D4CA1}"
EndProject
Project("{FAE04EC0-301F-11D3-BF4B-00C04F79EFBC}") = "ViewModels", "ViewModels\ViewModels.csproj", "{01E2A948-4CE0-4F74-B25E-42F0CFAE850A}"
EndProject
Global
	GlobalSection(SolutionConfigurationPlatforms) = preSolution
		Debug|Any CPU = Debug|Any CPU
		Release|Any CPU = Release|Any CPU
	EndGlobalSection
	GlobalSection(ProjectConfigurationPlatforms) = postSolution
		{3F466331-3831-46E1-BE4C-20C39C8F2929}.Debug|Any CPU.ActiveCfg = Debug|Any CPU
		{3F466331-3831-46E1-BE4C-20C39C8F2929}.Debug|Any CPU.Build.0 = Debug|Any CPU
		{3F466331-3831-46E1-BE4C-20C39C8F2929}.Release|Any CPU.ActiveCfg = Release|Any CPU
		{3F466331-3831-46E1-BE4C-20C39C8F2929}.Release|Any CPU.Build.0 = Release|Any CPU
		{8095567B-60B5-4B49-BE50-D0B2C41D4CA1}.Debug|Any CPU.ActiveCfg = Debug|Any CPU
		{8095567B-60B5-4B49-BE50-D0B2C41D4CA1}.Debug|Any CPU.Build.0 = Debug|Any CPU
		{8095567B-60B5-4B49-BE50-D0B2C41D4CA1}.Release|Any CPU.ActiveCfg = Release|Any CPU
		{8095567B-60B5-4B49-BE50-D0B2C41D4CA1}.Release|Any CPU.Build.0 = Release|Any CPU
		{01E2A948-4CE0-4F74-B25E-42F0CFAE850A}.Debug|Any CPU.ActiveCfg = Debug|Any CPU
		{01E2A948-4CE0-4F74-B25E-42F0CFAE850A}.Debug|Any CPU.Build.0 = Debug|Any CPU
		{01E2A948-4CE0-4F74-B25E-42F0CFAE850A}.Release|Any CPU.ActiveCfg = Release|Any CPU
		{01E2A948-4CE0-4F74-B25E-42F0CFAE850A}.Release|Any CPU.Build.0 = Release|Any CPU
	EndGlobalSection
	GlobalSection(SolutionProperties) = preSolution
		HideSolutionNode = FALSE
	EndGlobalSection
EndGlobal
