
Microsoft Visual Studio Solution File, Format Version 12.00
# Visual Studio 15
VisualStudioVersion = 15.0.26403.7
MinimumVisualStudioVersion = 10.0.40219.1
Project("{FAE04EC0-301F-11D3-BF4B-00C04F79EFBC}") = "MyTravelGuide", "MyTravelGuide\MyTravelGuide.csproj", "{893E7499-FB1B-47C4-9E24-434BD91649E1}"
EndProject
Project("{FAE04EC0-301F-11D3-BF4B-00C04F79EFBC}") = "Servicios", "Servicios\Servicios.csproj", "{07040338-F9E9-447A-95E1-E337D1D4F8D9}"
EndProject
Project("{FAE04EC0-301F-11D3-BF4B-00C04F79EFBC}") = "RepositorioClases", "RepositorioClases\RepositorioClases.csproj", "{41EA76CF-3FE7-47B1-A7D6-2F21C2C242BB}"
EndProject
Project("{FAE04EC0-301F-11D3-BF4B-00C04F79EFBC}") = "ViewModels", "ViewModels\ViewModels.csproj", "{BF7C9686-96E3-43EF-BAF1-BA89BC1152AF}"
EndProject
Global
	GlobalSection(SolutionConfigurationPlatforms) = preSolution
		Debug|Any CPU = Debug|Any CPU
		Release|Any CPU = Release|Any CPU
	EndGlobalSection
	GlobalSection(ProjectConfigurationPlatforms) = postSolution
		{893E7499-FB1B-47C4-9E24-434BD91649E1}.Debug|Any CPU.ActiveCfg = Debug|Any CPU
		{893E7499-FB1B-47C4-9E24-434BD91649E1}.Debug|Any CPU.Build.0 = Debug|Any CPU
		{893E7499-FB1B-47C4-9E24-434BD91649E1}.Release|Any CPU.ActiveCfg = Release|Any CPU
		{893E7499-FB1B-47C4-9E24-434BD91649E1}.Release|Any CPU.Build.0 = Release|Any CPU
		{07040338-F9E9-447A-95E1-E337D1D4F8D9}.Debug|Any CPU.ActiveCfg = Debug|Any CPU
		{07040338-F9E9-447A-95E1-E337D1D4F8D9}.Debug|Any CPU.Build.0 = Debug|Any CPU
		{07040338-F9E9-447A-95E1-E337D1D4F8D9}.Release|Any CPU.ActiveCfg = Release|Any CPU
		{07040338-F9E9-447A-95E1-E337D1D4F8D9}.Release|Any CPU.Build.0 = Release|Any CPU
		{41EA76CF-3FE7-47B1-A7D6-2F21C2C242BB}.Debug|Any CPU.ActiveCfg = Debug|Any CPU
		{41EA76CF-3FE7-47B1-A7D6-2F21C2C242BB}.Debug|Any CPU.Build.0 = Debug|Any CPU
		{41EA76CF-3FE7-47B1-A7D6-2F21C2C242BB}.Release|Any CPU.ActiveCfg = Release|Any CPU
		{41EA76CF-3FE7-47B1-A7D6-2F21C2C242BB}.Release|Any CPU.Build.0 = Release|Any CPU
		{BF7C9686-96E3-43EF-BAF1-BA89BC1152AF}.Debug|Any CPU.ActiveCfg = Debug|Any CPU
		{BF7C9686-96E3-43EF-BAF1-BA89BC1152AF}.Debug|Any CPU.Build.0 = Debug|Any CPU
		{BF7C9686-96E3-43EF-BAF1-BA89BC1152AF}.Release|Any CPU.ActiveCfg = Release|Any CPU
		{BF7C9686-96E3-43EF-BAF1-BA89BC1152AF}.Release|Any CPU.Build.0 = Release|Any CPU
	EndGlobalSection
	GlobalSection(SolutionProperties) = preSolution
		HideSolutionNode = FALSE
	EndGlobalSection
EndGlobal
